
Microsoft Visual Studio Solution File, Format Version 12.00
# Visual Studio 14
VisualStudioVersion = 14.0.25123.0
MinimumVisualStudioVersion = 10.0.40219.1
Project("{8BC9CEB8-8B4A-11D0-8D11-00A0C91BC942}") = "LeetCode1", "LeetCode1.vcxproj", "{98B1CE01-C386-4872-9156-811D1A98EA81}"
EndProject
Project("{8BC9CEB8-8B4A-11D0-8D11-00A0C91BC942}") = "Q1_TwoSum", "Q1_TwoSum\Q1_TwoSum.vcxproj", "{CE2CA1BC-8E56-48C7-BB02-A5A82972F8A6}"
EndProject
Project("{8BC9CEB8-8B4A-11D0-8D11-00A0C91BC942}") = "Q2_AddTwoNums", "Q2_AddTwoNums\Q2_AddTwoNums.vcxproj", "{36D4F4BF-CDE1-4162-A51E-91376D754C36}"
EndProject
Project("{8BC9CEB8-8B4A-11D0-8D11-00A0C91BC942}") = "Q3_LongestSubstring", "Q3_LongestSubstring\Q3_LongestSubstring.vcxproj", "{E0A0130D-BB67-40CA-B572-E731AC2E2115}"
EndProject
Global
	GlobalSection(SolutionConfigurationPlatforms) = preSolution
		Debug|x64 = Debug|x64
		Debug|x86 = Debug|x86
		Release|x64 = Release|x64
		Release|x86 = Release|x86
	EndGlobalSection
	GlobalSection(ProjectConfigurationPlatforms) = postSolution
		{98B1CE01-C386-4872-9156-811D1A98EA81}.Debug|x64.ActiveCfg = Debug|x64
		{98B1CE01-C386-4872-9156-811D1A98EA81}.Debug|x64.Build.0 = Debug|x64
		{98B1CE01-C386-4872-9156-811D1A98EA81}.Debug|x86.ActiveCfg = Debug|Win32
		{98B1CE01-C386-4872-9156-811D1A98EA81}.Debug|x86.Build.0 = Debug|Win32
		{98B1CE01-C386-4872-9156-811D1A98EA81}.Release|x64.ActiveCfg = Release|x64
		{98B1CE01-C386-4872-9156-811D1A98EA81}.Release|x64.Build.0 = Release|x64
		{98B1CE01-C386-4872-9156-811D1A98EA81}.Release|x86.ActiveCfg = Release|Win32
		{98B1CE01-C386-4872-9156-811D1A98EA81}.Release|x86.Build.0 = Release|Win32
		{CE2CA1BC-8E56-48C7-BB02-A5A82972F8A6}.Debug|x64.ActiveCfg = Debug|x64
		{CE2CA1BC-8E56-48C7-BB02-A5A82972F8A6}.Debug|x64.Build.0 = Debug|x64
		{CE2CA1BC-8E56-48C7-BB02-A5A82972F8A6}.Debug|x86.ActiveCfg = Debug|Win32
		{CE2CA1BC-8E56-48C7-BB02-A5A82972F8A6}.Debug|x86.Build.0 = Debug|Win32
		{CE2CA1BC-8E56-48C7-BB02-A5A82972F8A6}.Release|x64.ActiveCfg = Release|x64
		{CE2CA1BC-8E56-48C7-BB02-A5A82972F8A6}.Release|x64.Build.0 = Release|x64
		{CE2CA1BC-8E56-48C7-BB02-A5A82972F8A6}.Release|x86.ActiveCfg = Release|Win32
		{CE2CA1BC-8E56-48C7-BB02-A5A82972F8A6}.Release|x86.Build.0 = Release|Win32
		{36D4F4BF-CDE1-4162-A51E-91376D754C36}.Debug|x64.ActiveCfg = Debug|x64
		{36D4F4BF-CDE1-4162-A51E-91376D754C36}.Debug|x64.Build.0 = Debug|x64
		{36D4F4BF-CDE1-4162-A51E-91376D754C36}.Debug|x86.ActiveCfg = Debug|Win32
		{36D4F4BF-CDE1-4162-A51E-91376D754C36}.Debug|x86.Build.0 = Debug|Win32
		{36D4F4BF-CDE1-4162-A51E-91376D754C36}.Release|x64.ActiveCfg = Release|x64
		{36D4F4BF-CDE1-4162-A51E-91376D754C36}.Release|x64.Build.0 = Release|x64
		{36D4F4BF-CDE1-4162-A51E-91376D754C36}.Release|x86.ActiveCfg = Release|Win32
		{36D4F4BF-CDE1-4162-A51E-91376D754C36}.Release|x86.Build.0 = Release|Win32
		{E0A0130D-BB67-40CA-B572-E731AC2E2115}.Debug|x64.ActiveCfg = Debug|x64
		{E0A0130D-BB67-40CA-B572-E731AC2E2115}.Debug|x64.Build.0 = Debug|x64
		{E0A0130D-BB67-40CA-B572-E731AC2E2115}.Debug|x86.ActiveCfg = Debug|Win32
		{E0A0130D-BB67-40CA-B572-E731AC2E2115}.Debug|x86.Build.0 = Debug|Win32
		{E0A0130D-BB67-40CA-B572-E731AC2E2115}.Release|x64.ActiveCfg = Release|x64
		{E0A0130D-BB67-40CA-B572-E731AC2E2115}.Release|x64.Build.0 = Release|x64
		{E0A0130D-BB67-40CA-B572-E731AC2E2115}.Release|x86.ActiveCfg = Release|Win32
		{E0A0130D-BB67-40CA-B572-E731AC2E2115}.Release|x86.Build.0 = Release|Win32
	EndGlobalSection
	GlobalSection(SolutionProperties) = preSolution
		HideSolutionNode = FALSE
	EndGlobalSection
EndGlobal
