<?xml version="1.0" encoding="utf-8"?>
<Project ToolsVersion="4.0" xmlns="http://schemas.microsoft.com/developer/msbuild/2003">
  <ItemGroup>
    <Filter Include="src">
      <UniqueIdentifier>{59c2524a-291d-41ef-a5e4-98f42a4ad52e}</UniqueIdentifier>
    </Filter>
    <Filter Include="Sort">
      <UniqueIdentifier>{0008a9b4-cabe-4096-872f-53ed19f0a9a7}</UniqueIdentifier>
    </Filter>
    <Filter Include="CppNote">
      <UniqueIdentifier>{5728bcd1-5f4f-40f1-a4a6-4c3232327cca}</UniqueIdentifier>
    </Filter>
    <Filter Include="LeetCode">
      <UniqueIdentifier>{90bb451e-de8c-49ff-a18c-54c9b5ab6c03}</UniqueIdentifier>
    </Filter>
    <Filter Include="Alg">
      <UniqueIdentifier>{6b94f8dd-dff6-4a0b-8b83-f17c43afd869}</UniqueIdentifier>
    </Filter>
    <Filter Include="Company">
      <UniqueIdentifier>{d2faa236-483e-4917-9277-9e00e62ea40a}</UniqueIdentifier>
    </Filter>
    <Filter Include="Company\Sohu">
      <UniqueIdentifier>{7103a245-8a72-4f8a-b6ca-e462031a79e4}</UniqueIdentifier>
    </Filter>
    <Filter Include="Company\NetEase">
      <UniqueIdentifier>{0e3c700b-7e04-4f53-9266-bc62c76f78e9}</UniqueIdentifier>
    </Filter>
    <Filter Include="Company\HuaWei">
      <UniqueIdentifier>{861e23a1-93cc-485b-b70c-99682c39ba09}</UniqueIdentifier>
    </Filter>
    <Filter Include="Company\XiaoMi">
      <UniqueIdentifier>{1df3181e-b542-4e6a-8fcd-2076f2f5fddc}</UniqueIdentifier>
    </Filter>
    <Filter Include="Company\SenseTime">
      <UniqueIdentifier>{7d2a913b-970a-4af6-8234-12e189e69a97}</UniqueIdentifier>
    </Filter>
  </ItemGroup>
  <ItemGroup>
    <ClCompile Include="src\Sort\sort_algo.cpp">
      <Filter>Sort</Filter>
    </ClCompile>
    <ClCompile Include="src\CppNote\CNote1.cpp">
      <Filter>CppNote</Filter>
    </ClCompile>
    <ClCompile Include="src\CppNote\CNote2.cpp">
      <Filter>CppNote</Filter>
    </ClCompile>
    <ClCompile Include="src\Alg\UglyNumber.cpp">
      <Filter>Alg</Filter>
    </ClCompile>
    <ClCompile Include="src\CppNote\CNote3.cpp">
      <Filter>CppNote</Filter>
    </ClCompile>
    <ClCompile Include="src\CppNote\CNote4.cpp">
      <Filter>CppNote</Filter>
    </ClCompile>
    <ClCompile Include="src\LeetCode\LeetCodeMain.cpp">
      <Filter>LeetCode</Filter>
    </ClCompile>
    <ClCompile Include="src\Sort\sort_main.cpp">
      <Filter>Sort</Filter>
    </ClCompile>
    <ClCompile Include="src\Alg\LeastCommonMultiple.cpp">
      <Filter>Alg</Filter>
    </ClCompile>
    <ClCompile Include="src\Company\Sohu\Sohu1.cpp">
      <Filter>Company\Sohu</Filter>
    </ClCompile>
    <ClCompile Include="src\Company\Sohu\Sohu2.cpp">
      <Filter>Company\Sohu</Filter>
    </ClCompile>
    <ClCompile Include="src\Company\Sohu\Sohu3.cpp">
      <Filter>Company\Sohu</Filter>
    </ClCompile>
    <ClCompile Include="src\Alg\GreatestCommonDivisor.cpp">
      <Filter>Alg</Filter>
    </ClCompile>
    <ClCompile Include="src\Company\NetEase\NetEase1.cpp">
      <Filter>Company\NetEase</Filter>
    </ClCompile>
    <ClCompile Include="src\Company\NetEase\NetEase2.cpp">
      <Filter>Company\NetEase</Filter>
    </ClCompile>
    <ClCompile Include="src\Company\NetEase\NetEase3.cpp">
      <Filter>Company\NetEase</Filter>
    </ClCompile>
    <ClCompile Include="src\Company\NetEase\NetEase5.cpp">
      <Filter>Company\NetEase</Filter>
    </ClCompile>
    <ClCompile Include="src\Company\NetEase\NetEase6.cpp">
      <Filter>Company\NetEase</Filter>
    </ClCompile>
    <ClCompile Include="src\Company\NetEase\NetEase7.cpp">
      <Filter>Company\NetEase</Filter>
    </ClCompile>
    <ClCompile Include="src\Company\NetEase\NetEase8.cpp">
      <Filter>Company\NetEase</Filter>
    </ClCompile>
    <ClCompile Include="src\Company\NetEase\NetEase9.cpp">
      <Filter>Company\NetEase</Filter>
    </ClCompile>
    <ClCompile Include="src\Company\NetEase\NetEase10.cpp">
      <Filter>Company\NetEase</Filter>
    </ClCompile>
    <ClCompile Include="src\Company\NetEase\NetEase11.cpp">
      <Filter>Company\NetEase</Filter>
    </ClCompile>
    <ClCompile Include="src\Company\NetEase\NetEase12.cpp">
      <Filter>Company\NetEase</Filter>
    </ClCompile>
    <ClCompile Include="src\Company\NetEase\NetEase13.cpp">
      <Filter>Company\NetEase</Filter>
    </ClCompile>
    <ClCompile Include="src\Company\HuaWei\HuaWei1.cpp">
      <Filter>Company\HuaWei</Filter>
    </ClCompile>
    <ClCompile Include="src\Company\HuaWei\HuaWei2.cpp">
      <Filter>Company\HuaWei</Filter>
    </ClCompile>
    <ClCompile Include="src\test.cpp">
      <Filter>src</Filter>
    </ClCompile>
    <ClCompile Include="src\Alg\ShortestPathFloyd.cpp">
      <Filter>Alg</Filter>
    </ClCompile>
    <ClCompile Include="src\Alg\MiniSpanTreePrim.cpp">
      <Filter>Alg</Filter>
    </ClCompile>
    <ClCompile Include="src\Alg\MiniSpanTreeKruskal.cpp">
      <Filter>Alg</Filter>
    </ClCompile>
    <ClCompile Include="src\Alg\StringMatchKMP.cpp">
      <Filter>Alg</Filter>
    </ClCompile>
    <ClCompile Include="src\Alg\ShortestPathDijkstra.cpp">
      <Filter>Alg</Filter>
    </ClCompile>
    <ClCompile Include="src\Company\XiaoMi\XiaoMi1.cpp">
      <Filter>Company\XiaoMi</Filter>
    </ClCompile>
    <ClCompile Include="src\Company\XiaoMi\XiaoMi2.cpp">
      <Filter>Company\XiaoMi</Filter>
    </ClCompile>
    <ClCompile Include="src\Company\XiaoMi\XiaoMi3.cpp">
      <Filter>Company\XiaoMi</Filter>
    </ClCompile>
    <ClCompile Include="src\Company\SenseTime\SenseTime1.cpp">
      <Filter>Company\SenseTime</Filter>
    </ClCompile>
    <ClCompile Include="src\Company\SenseTime\SenseTime2.cpp">
      <Filter>Company\SenseTime</Filter>
    </ClCompile>
    <ClCompile Include="src\CppNote\CNote5.cpp">
      <Filter>CppNote</Filter>
    </ClCompile>
    <ClCompile Include="src\Alg\SecondMaxNumber.cpp">
      <Filter>Alg</Filter>
    </ClCompile>
    <ClCompile Include="src\Alg\MinNumber.cpp">
      <Filter>Alg</Filter>
    </ClCompile>
    <ClCompile Include="src\Alg\MedianNumber.cpp">
      <Filter>Alg</Filter>
    </ClCompile>
  </ItemGroup>
  <ItemGroup>
    <ClInclude Include="src\Sort\sort_algo.h">
      <Filter>Sort</Filter>
    </ClInclude>
    <ClInclude Include="src\LeetCode\Q1_TwoSum.h">
      <Filter>LeetCode</Filter>
    </ClInclude>
    <ClInclude Include="src\LeetCode\Q2_AddTwoNums.h">
      <Filter>LeetCode</Filter>
    </ClInclude>
    <ClInclude Include="src\LeetCode\Q3_LongestSubstring.h">
      <Filter>LeetCode</Filter>
    </ClInclude>
    <ClInclude Include="src\LeetCode\Q4_MedianOfTwoSortedArrays.h">
      <Filter>LeetCode</Filter>
    </ClInclude>
    <ClInclude Include="src\LeetCode\Q5_LongestPalindromicSubstring.h">
      <Filter>LeetCode</Filter>
    </ClInclude>
    <ClInclude Include="src\LeetCode\Q6_ZigZagConversion.h">
      <Filter>LeetCode</Filter>
    </ClInclude>
    <ClInclude Include="src\LeetCode\Q7_ReverseInteger.h">
      <Filter>LeetCode</Filter>
    </ClInclude>
    <ClInclude Include="src\LeetCode\Q8_StringToInteger.h">
      <Filter>LeetCode</Filter>
    </ClInclude>
    <ClInclude Include="src\LeetCode\LeetCode.h">
      <Filter>LeetCode</Filter>
    </ClInclude>
    <ClInclude Include="src\global.h">
      <Filter>src</Filter>
    </ClInclude>
    <ClInclude Include="src\LeetCode\Q120_Triangle.h">
      <Filter>LeetCode</Filter>
    </ClInclude>
    <ClInclude Include="src\LeetCode\Q085_MaximalRectangle.h">
      <Filter>LeetCode</Filter>
    </ClInclude>
    <ClInclude Include="src\CppNote\CNoteDefs.h">
      <Filter>CppNote</Filter>
    </ClInclude>
    <ClInclude Include="src\Alg\AlgDefs.h">
      <Filter>Alg</Filter>
    </ClInclude>
    <ClInclude Include="src\Company\Sohu\SohuDefs.h">
      <Filter>Company\Sohu</Filter>
    </ClInclude>
    <ClInclude Include="src\Company\NetEase\NetEaseDefs.h">
      <Filter>Company\NetEase</Filter>
    </ClInclude>
    <ClInclude Include="src\Company\HuaWei\HuaWeiDefs.h">
      <Filter>Company\HuaWei</Filter>
    </ClInclude>
    <ClInclude Include="src\LeetCode\Q9_PalindromeNumber.h">
      <Filter>LeetCode</Filter>
    </ClInclude>
    <ClInclude Include="src\LeetCode\Q10_.h">
      <Filter>LeetCode</Filter>
    </ClInclude>
    <ClInclude Include="src\Company\XiaoMi\XiaoMiDefs.h">
      <Filter>Company\XiaoMi</Filter>
    </ClInclude>
    <ClInclude Include="src\Company\SenseTime\SenseTimeDefs.h">
      <Filter>Company\SenseTime</Filter>
    </ClInclude>
    <ClInclude Include="src\LeetCode\Q062_UniquePaths.h">
      <Filter>LeetCode</Filter>
    </ClInclude>
    <ClInclude Include="src\LeetCode\Q063_UniquePathsII.h">
      <Filter>LeetCode</Filter>
    </ClInclude>
    <ClInclude Include="src\LeetCode\Q322_CoinChange.h">
      <Filter>LeetCode</Filter>
    </ClInclude>
    <ClInclude Include="src\LeetCode\Q160_IntersectionOfTwoLinkedLists.h">
      <Filter>LeetCode</Filter>
    </ClInclude>
  </ItemGroup>
</Project>