<?xml version="1.0" encoding="utf-8"?>
<Project ToolsVersion="4.0" xmlns="http://schemas.microsoft.com/developer/msbuild/2003">
  <ItemGroup>
    <Filter Include="src">
      <UniqueIdentifier>{59c2524a-291d-41ef-a5e4-98f42a4ad52e}</UniqueIdentifier>
    </Filter>
    <Filter Include="Sort">
      <UniqueIdentifier>{0008a9b4-cabe-4096-872f-53ed19f0a9a7}</UniqueIdentifier>
    </Filter>
    <Filter Include="CppNote">
      <UniqueIdentifier>{5728bcd1-5f4f-40f1-a4a6-4c3232327cca}</UniqueIdentifier>
    </Filter>
    <Filter Include="Huawei">
      <UniqueIdentifier>{7f0ddb4b-75ee-419a-b033-2e28180794a3}</UniqueIdentifier>
    </Filter>
    <Filter Include="NetEase">
      <UniqueIdentifier>{aff67c83-1a49-49b8-9071-9bd0e8b3ff15}</UniqueIdentifier>
    </Filter>
    <Filter Include="LeetCode">
      <UniqueIdentifier>{90bb451e-de8c-49ff-a18c-54c9b5ab6c03}</UniqueIdentifier>
    </Filter>
  </ItemGroup>
  <ItemGroup>
    <ClCompile Include="src\Sort\sort_algo.cpp">
      <Filter>Sort</Filter>
    </ClCompile>
    <ClCompile Include="src\CppNote\CNote1.cpp">
      <Filter>CppNote</Filter>
    </ClCompile>
    <ClCompile Include="src\Huawei\HuaWei1.cpp">
      <Filter>Huawei</Filter>
    </ClCompile>
    <ClCompile Include="src\Huawei\HuaWei2.cpp">
      <Filter>Huawei</Filter>
    </ClCompile>
    <ClCompile Include="src\NetEase\NetEase1.cpp">
      <Filter>NetEase</Filter>
    </ClCompile>
    <ClCompile Include="src\NetEase\NetEase2.cpp">
      <Filter>NetEase</Filter>
    </ClCompile>
    <ClCompile Include="src\NetEase\NetEase3.cpp">
      <Filter>NetEase</Filter>
    </ClCompile>
    <ClCompile Include="src\NetEase\NetEase5.cpp">
      <Filter>NetEase</Filter>
    </ClCompile>
    <ClCompile Include="src\NetEase\NetEase6.cpp">
      <Filter>NetEase</Filter>
    </ClCompile>
    <ClCompile Include="src\NetEase\NetEase7.cpp">
      <Filter>NetEase</Filter>
    </ClCompile>
    <ClCompile Include="src\NetEase\NetEase8.cpp">
      <Filter>NetEase</Filter>
    </ClCompile>
    <ClCompile Include="src\main.cpp">
      <Filter>src</Filter>
    </ClCompile>
    <ClCompile Include="src\CppNote\CNote2.cpp">
      <Filter>CppNote</Filter>
    </ClCompile>
  </ItemGroup>
  <ItemGroup>
    <ClInclude Include="src\Sort\sort_algo.h">
      <Filter>Sort</Filter>
    </ClInclude>
    <ClInclude Include="src\LeetCode\Q1_TwoSum.h">
      <Filter>LeetCode</Filter>
    </ClInclude>
    <ClInclude Include="src\LeetCode\Q2_AddTwoNums.h">
      <Filter>LeetCode</Filter>
    </ClInclude>
    <ClInclude Include="src\LeetCode\Q3_LongestSubstring.h">
      <Filter>LeetCode</Filter>
    </ClInclude>
    <ClInclude Include="src\LeetCode\Q4_MedianOfTwoSortedArrays.h">
      <Filter>LeetCode</Filter>
    </ClInclude>
    <ClInclude Include="src\LeetCode\Q5_LongestPalindromicSubstring.h">
      <Filter>LeetCode</Filter>
    </ClInclude>
    <ClInclude Include="src\LeetCode\Q6_ZigZagConversion.h">
      <Filter>LeetCode</Filter>
    </ClInclude>
    <ClInclude Include="src\LeetCode\Q7_ReverseInteger.h">
      <Filter>LeetCode</Filter>
    </ClInclude>
    <ClInclude Include="src\LeetCode\Q8_StringToInteger.h">
      <Filter>LeetCode</Filter>
    </ClInclude>
    <ClInclude Include="src\LeetCode\LeetCode.h">
      <Filter>LeetCode</Filter>
    </ClInclude>
    <ClInclude Include="src\global.h">
      <Filter>src</Filter>
    </ClInclude>
  </ItemGroup>
</Project>